PODS:
  - Flutter (1.0.0)
  - native_cutout (0.0.1):
    - Flutter

DEPENDENCIES:
  - Flutter (from `Flutter`)
  - native_cutout (from `.symlinks/plugins/native_cutout/ios`)

EXTERNAL SOURCES:
  Flutter:
    :path: Flutter
  native_cutout:
    :path: ".symlinks/plugins/native_cutout/ios"

SPEC CHECKSUMS:
  Flutter: 71a624a5bc0c04062bf19101d501e466baf2fb47
  native_cutout: 0a897d5d6c4b8394040148025400e9a53479b6f1

PODFILE CHECKSUM: 8ebc3cae0ea62f085406f18435e986d51cf96d87

COCOAPODS: 1.17.0
